
Microsoft Visual Studio Solution File, Format Version 12.00
# Visual Studio 14
VisualStudioVersion = 14.0.25420.1
MinimumVisualStudioVersion = 10.0.40219.1
Project("{D954291E-2A0B-460D-934E-DC6B0785DB48}") = "BVETimetable", "BVETimetable\BVETimetable\BVETimetable.shproj", "{82585A24-E096-42C3-A138-FA747415F66A}"
EndProject
Project("{FAE04EC0-301F-11D3-BF4B-00C04F79EFBC}") = "BVETimetable.Android", "BVETimetable\BVETimetable.Android\BVETimetable.Android.csproj", "{920647F1-E7F3-4F6E-BC2F-E550D198A9AD}"
EndProject
Project("{FAE04EC0-301F-11D3-BF4B-00C04F79EFBC}") = "BVETimetable.iOS", "BVETimetable\BVETimetable.iOS\BVETimetable.iOS.csproj", "{FF195FCF-0DF0-44E4-8166-AB5696C80AC4}"
EndProject
Project("{FAE04EC0-301F-11D3-BF4B-00C04F79EFBC}") = "BVETimetable.UWP", "BVETimetable\BVETimetable.UWP\BVETimetable.UWP.csproj", "{995E0969-B66B-42DC-8DBA-C791F05095A7}"
EndProject
Global
	GlobalSection(SharedMSBuildProjectFiles) = preSolution
		BVETimetable\BVETimetable\BVETimetable.projitems*{82585a24-e096-42c3-a138-fa747415f66a}*SharedItemsImports = 13
		BVETimetable\BVETimetable\BVETimetable.projitems*{920647f1-e7f3-4f6e-bc2f-e550d198a9ad}*SharedItemsImports = 4
		BVETimetable\BVETimetable\BVETimetable.projitems*{995e0969-b66b-42dc-8dba-c791f05095a7}*SharedItemsImports = 4
		BVETimetable\BVETimetable\BVETimetable.projitems*{ff195fcf-0df0-44e4-8166-ab5696c80ac4}*SharedItemsImports = 4
	EndGlobalSection
	GlobalSection(SolutionConfigurationPlatforms) = preSolution
		Ad-Hoc|Any CPU = Ad-Hoc|Any CPU
		Ad-Hoc|ARM = Ad-Hoc|ARM
		Ad-Hoc|iPhone = Ad-Hoc|iPhone
		Ad-Hoc|iPhoneSimulator = Ad-Hoc|iPhoneSimulator
		Ad-Hoc|x64 = Ad-Hoc|x64
		Ad-Hoc|x86 = Ad-Hoc|x86
		AppStore|Any CPU = AppStore|Any CPU
		AppStore|ARM = AppStore|ARM
		AppStore|iPhone = AppStore|iPhone
		AppStore|iPhoneSimulator = AppStore|iPhoneSimulator
		AppStore|x64 = AppStore|x64
		AppStore|x86 = AppStore|x86
		Debug|Any CPU = Debug|Any CPU
		Debug|ARM = Debug|ARM
		Debug|iPhone = Debug|iPhone
		Debug|iPhoneSimulator = Debug|iPhoneSimulator
		Debug|x64 = Debug|x64
		Debug|x86 = Debug|x86
		Release|Any CPU = Release|Any CPU
		Release|ARM = Release|ARM
		Release|iPhone = Release|iPhone
		Release|iPhoneSimulator = Release|iPhoneSimulator
		Release|x64 = Release|x64
		Release|x86 = Release|x86
	EndGlobalSection
	GlobalSection(ProjectConfigurationPlatforms) = postSolution
		{920647F1-E7F3-4F6E-BC2F-E550D198A9AD}.Ad-Hoc|Any CPU.ActiveCfg = Release|Any CPU
		{920647F1-E7F3-4F6E-BC2F-E550D198A9AD}.Ad-Hoc|Any CPU.Build.0 = Release|Any CPU
		{920647F1-E7F3-4F6E-BC2F-E550D198A9AD}.Ad-Hoc|Any CPU.Deploy.0 = Release|Any CPU
		{920647F1-E7F3-4F6E-BC2F-E550D198A9AD}.Ad-Hoc|ARM.ActiveCfg = Release|Any CPU
		{920647F1-E7F3-4F6E-BC2F-E550D198A9AD}.Ad-Hoc|ARM.Build.0 = Release|Any CPU
		{920647F1-E7F3-4F6E-BC2F-E550D198A9AD}.Ad-Hoc|ARM.Deploy.0 = Release|Any CPU
		{920647F1-E7F3-4F6E-BC2F-E550D198A9AD}.Ad-Hoc|iPhone.ActiveCfg = Release|Any CPU
		{920647F1-E7F3-4F6E-BC2F-E550D198A9AD}.Ad-Hoc|iPhone.Build.0 = Release|Any CPU
		{920647F1-E7F3-4F6E-BC2F-E550D198A9AD}.Ad-Hoc|iPhone.Deploy.0 = Release|Any CPU
		{920647F1-E7F3-4F6E-BC2F-E550D198A9AD}.Ad-Hoc|iPhoneSimulator.ActiveCfg = Release|Any CPU
		{920647F1-E7F3-4F6E-BC2F-E550D198A9AD}.Ad-Hoc|iPhoneSimulator.Build.0 = Release|Any CPU
		{920647F1-E7F3-4F6E-BC2F-E550D198A9AD}.Ad-Hoc|iPhoneSimulator.Deploy.0 = Release|Any CPU
		{920647F1-E7F3-4F6E-BC2F-E550D198A9AD}.Ad-Hoc|x64.ActiveCfg = Release|Any CPU
		{920647F1-E7F3-4F6E-BC2F-E550D198A9AD}.Ad-Hoc|x64.Build.0 = Release|Any CPU
		{920647F1-E7F3-4F6E-BC2F-E550D198A9AD}.Ad-Hoc|x64.Deploy.0 = Release|Any CPU
		{920647F1-E7F3-4F6E-BC2F-E550D198A9AD}.Ad-Hoc|x86.ActiveCfg = Release|Any CPU
		{920647F1-E7F3-4F6E-BC2F-E550D198A9AD}.Ad-Hoc|x86.Build.0 = Release|Any CPU
		{920647F1-E7F3-4F6E-BC2F-E550D198A9AD}.Ad-Hoc|x86.Deploy.0 = Release|Any CPU
		{920647F1-E7F3-4F6E-BC2F-E550D198A9AD}.AppStore|Any CPU.ActiveCfg = Release|Any CPU
		{920647F1-E7F3-4F6E-BC2F-E550D198A9AD}.AppStore|Any CPU.Build.0 = Release|Any CPU
		{920647F1-E7F3-4F6E-BC2F-E550D198A9AD}.AppStore|Any CPU.Deploy.0 = Release|Any CPU
		{920647F1-E7F3-4F6E-BC2F-E550D198A9AD}.AppStore|ARM.ActiveCfg = Release|Any CPU
		{920647F1-E7F3-4F6E-BC2F-E550D198A9AD}.AppStore|ARM.Build.0 = Release|Any CPU
		{920647F1-E7F3-4F6E-BC2F-E550D198A9AD}.AppStore|ARM.Deploy.0 = Release|Any CPU
		{920647F1-E7F3-4F6E-BC2F-E550D198A9AD}.AppStore|iPhone.ActiveCfg = Release|Any CPU
		{920647F1-E7F3-4F6E-BC2F-E550D198A9AD}.AppStore|iPhone.Build.0 = Release|Any CPU
		{920647F1-E7F3-4F6E-BC2F-E550D198A9AD}.AppStore|iPhone.Deploy.0 = Release|Any CPU
		{920647F1-E7F3-4F6E-BC2F-E550D198A9AD}.AppStore|iPhoneSimulator.ActiveCfg = Release|Any CPU
		{920647F1-E7F3-4F6E-BC2F-E550D198A9AD}.AppStore|iPhoneSimulator.Build.0 = Release|Any CPU
		{920647F1-E7F3-4F6E-BC2F-E550D198A9AD}.AppStore|iPhoneSimulator.Deploy.0 = Release|Any CPU
		{920647F1-E7F3-4F6E-BC2F-E550D198A9AD}.AppStore|x64.ActiveCfg = Release|Any CPU
		{920647F1-E7F3-4F6E-BC2F-E550D198A9AD}.AppStore|x64.Build.0 = Release|Any CPU
		{920647F1-E7F3-4F6E-BC2F-E550D198A9AD}.AppStore|x64.Deploy.0 = Release|Any CPU
		{920647F1-E7F3-4F6E-BC2F-E550D198A9AD}.AppStore|x86.ActiveCfg = Release|Any CPU
		{920647F1-E7F3-4F6E-BC2F-E550D198A9AD}.AppStore|x86.Build.0 = Release|Any CPU
		{920647F1-E7F3-4F6E-BC2F-E550D198A9AD}.AppStore|x86.Deploy.0 = Release|Any CPU
		{920647F1-E7F3-4F6E-BC2F-E550D198A9AD}.Debug|Any CPU.ActiveCfg = Debug|Any CPU
		{920647F1-E7F3-4F6E-BC2F-E550D198A9AD}.Debug|Any CPU.Build.0 = Debug|Any CPU
		{920647F1-E7F3-4F6E-BC2F-E550D198A9AD}.Debug|Any CPU.Deploy.0 = Debug|Any CPU
		{920647F1-E7F3-4F6E-BC2F-E550D198A9AD}.Debug|ARM.ActiveCfg = Debug|Any CPU
		{920647F1-E7F3-4F6E-BC2F-E550D198A9AD}.Debug|ARM.Build.0 = Debug|Any CPU
		{920647F1-E7F3-4F6E-BC2F-E550D198A9AD}.Debug|ARM.Deploy.0 = Debug|Any CPU
		{920647F1-E7F3-4F6E-BC2F-E550D198A9AD}.Debug|iPhone.ActiveCfg = Debug|Any CPU
		{920647F1-E7F3-4F6E-BC2F-E550D198A9AD}.Debug|iPhone.Build.0 = Debug|Any CPU
		{920647F1-E7F3-4F6E-BC2F-E550D198A9AD}.Debug|iPhone.Deploy.0 = Debug|Any CPU
		{920647F1-E7F3-4F6E-BC2F-E550D198A9AD}.Debug|iPhoneSimulator.ActiveCfg = Debug|Any CPU
		{920647F1-E7F3-4F6E-BC2F-E550D198A9AD}.Debug|iPhoneSimulator.Build.0 = Debug|Any CPU
		{920647F1-E7F3-4F6E-BC2F-E550D198A9AD}.Debug|iPhoneSimulator.Deploy.0 = Debug|Any CPU
		{920647F1-E7F3-4F6E-BC2F-E550D198A9AD}.Debug|x64.ActiveCfg = Debug|Any CPU
		{920647F1-E7F3-4F6E-BC2F-E550D198A9AD}.Debug|x64.Build.0 = Debug|Any CPU
		{920647F1-E7F3-4F6E-BC2F-E550D198A9AD}.Debug|x64.Deploy.0 = Debug|Any CPU
		{920647F1-E7F3-4F6E-BC2F-E550D198A9AD}.Debug|x86.ActiveCfg = Debug|Any CPU
		{920647F1-E7F3-4F6E-BC2F-E550D198A9AD}.Debug|x86.Build.0 = Debug|Any CPU
		{920647F1-E7F3-4F6E-BC2F-E550D198A9AD}.Debug|x86.Deploy.0 = Debug|Any CPU
		{920647F1-E7F3-4F6E-BC2F-E550D198A9AD}.Release|Any CPU.ActiveCfg = Release|Any CPU
		{920647F1-E7F3-4F6E-BC2F-E550D198A9AD}.Release|Any CPU.Build.0 = Release|Any CPU
		{920647F1-E7F3-4F6E-BC2F-E550D198A9AD}.Release|Any CPU.Deploy.0 = Release|Any CPU
		{920647F1-E7F3-4F6E-BC2F-E550D198A9AD}.Release|ARM.ActiveCfg = Release|Any CPU
		{920647F1-E7F3-4F6E-BC2F-E550D198A9AD}.Release|ARM.Build.0 = Release|Any CPU
		{920647F1-E7F3-4F6E-BC2F-E550D198A9AD}.Release|ARM.Deploy.0 = Release|Any CPU
		{920647F1-E7F3-4F6E-BC2F-E550D198A9AD}.Release|iPhone.ActiveCfg = Release|Any CPU
		{920647F1-E7F3-4F6E-BC2F-E550D198A9AD}.Release|iPhone.Build.0 = Release|Any CPU
		{920647F1-E7F3-4F6E-BC2F-E550D198A9AD}.Release|iPhone.Deploy.0 = Release|Any CPU
		{920647F1-E7F3-4F6E-BC2F-E550D198A9AD}.Release|iPhoneSimulator.ActiveCfg = Release|Any CPU
		{920647F1-E7F3-4F6E-BC2F-E550D198A9AD}.Release|iPhoneSimulator.Build.0 = Release|Any CPU
		{920647F1-E7F3-4F6E-BC2F-E550D198A9AD}.Release|iPhoneSimulator.Deploy.0 = Release|Any CPU
		{920647F1-E7F3-4F6E-BC2F-E550D198A9AD}.Release|x64.ActiveCfg = Release|Any CPU
		{920647F1-E7F3-4F6E-BC2F-E550D198A9AD}.Release|x64.Build.0 = Release|Any CPU
		{920647F1-E7F3-4F6E-BC2F-E550D198A9AD}.Release|x64.Deploy.0 = Release|Any CPU
		{920647F1-E7F3-4F6E-BC2F-E550D198A9AD}.Release|x86.ActiveCfg = Release|Any CPU
		{920647F1-E7F3-4F6E-BC2F-E550D198A9AD}.Release|x86.Build.0 = Release|Any CPU
		{920647F1-E7F3-4F6E-BC2F-E550D198A9AD}.Release|x86.Deploy.0 = Release|Any CPU
		{FF195FCF-0DF0-44E4-8166-AB5696C80AC4}.Ad-Hoc|Any CPU.ActiveCfg = Ad-Hoc|iPhone
		{FF195FCF-0DF0-44E4-8166-AB5696C80AC4}.Ad-Hoc|ARM.ActiveCfg = Ad-Hoc|iPhone
		{FF195FCF-0DF0-44E4-8166-AB5696C80AC4}.Ad-Hoc|iPhone.ActiveCfg = Ad-Hoc|iPhone
		{FF195FCF-0DF0-44E4-8166-AB5696C80AC4}.Ad-Hoc|iPhone.Build.0 = Ad-Hoc|iPhone
		{FF195FCF-0DF0-44E4-8166-AB5696C80AC4}.Ad-Hoc|iPhoneSimulator.ActiveCfg = Ad-Hoc|iPhoneSimulator
		{FF195FCF-0DF0-44E4-8166-AB5696C80AC4}.Ad-Hoc|iPhoneSimulator.Build.0 = Ad-Hoc|iPhoneSimulator
		{FF195FCF-0DF0-44E4-8166-AB5696C80AC4}.Ad-Hoc|x64.ActiveCfg = Ad-Hoc|iPhone
		{FF195FCF-0DF0-44E4-8166-AB5696C80AC4}.Ad-Hoc|x86.ActiveCfg = Ad-Hoc|iPhone
		{FF195FCF-0DF0-44E4-8166-AB5696C80AC4}.AppStore|Any CPU.ActiveCfg = AppStore|iPhone
		{FF195FCF-0DF0-44E4-8166-AB5696C80AC4}.AppStore|ARM.ActiveCfg = AppStore|iPhone
		{FF195FCF-0DF0-44E4-8166-AB5696C80AC4}.AppStore|iPhone.ActiveCfg = AppStore|iPhone
		{FF195FCF-0DF0-44E4-8166-AB5696C80AC4}.AppStore|iPhone.Build.0 = AppStore|iPhone
		{FF195FCF-0DF0-44E4-8166-AB5696C80AC4}.AppStore|iPhoneSimulator.ActiveCfg = AppStore|iPhoneSimulator
		{FF195FCF-0DF0-44E4-8166-AB5696C80AC4}.AppStore|iPhoneSimulator.Build.0 = AppStore|iPhoneSimulator
		{FF195FCF-0DF0-44E4-8166-AB5696C80AC4}.AppStore|x64.ActiveCfg = AppStore|iPhone
		{FF195FCF-0DF0-44E4-8166-AB5696C80AC4}.AppStore|x86.ActiveCfg = AppStore|iPhone
		{FF195FCF-0DF0-44E4-8166-AB5696C80AC4}.Debug|Any CPU.ActiveCfg = Debug|iPhone
		{FF195FCF-0DF0-44E4-8166-AB5696C80AC4}.Debug|ARM.ActiveCfg = Debug|iPhone
		{FF195FCF-0DF0-44E4-8166-AB5696C80AC4}.Debug|iPhone.ActiveCfg = Debug|iPhone
		{FF195FCF-0DF0-44E4-8166-AB5696C80AC4}.Debug|iPhone.Build.0 = Debug|iPhone
		{FF195FCF-0DF0-44E4-8166-AB5696C80AC4}.Debug|iPhoneSimulator.ActiveCfg = Debug|iPhoneSimulator
		{FF195FCF-0DF0-44E4-8166-AB5696C80AC4}.Debug|iPhoneSimulator.Build.0 = Debug|iPhoneSimulator
		{FF195FCF-0DF0-44E4-8166-AB5696C80AC4}.Debug|x64.ActiveCfg = Debug|iPhone
		{FF195FCF-0DF0-44E4-8166-AB5696C80AC4}.Debug|x86.ActiveCfg = Debug|iPhone
		{FF195FCF-0DF0-44E4-8166-AB5696C80AC4}.Release|Any CPU.ActiveCfg = Release|iPhone
		{FF195FCF-0DF0-44E4-8166-AB5696C80AC4}.Release|ARM.ActiveCfg = Release|iPhone
		{FF195FCF-0DF0-44E4-8166-AB5696C80AC4}.Release|iPhone.ActiveCfg = Release|iPhone
		{FF195FCF-0DF0-44E4-8166-AB5696C80AC4}.Release|iPhone.Build.0 = Release|iPhone
		{FF195FCF-0DF0-44E4-8166-AB5696C80AC4}.Release|iPhoneSimulator.ActiveCfg = Release|iPhoneSimulator
		{FF195FCF-0DF0-44E4-8166-AB5696C80AC4}.Release|iPhoneSimulator.Build.0 = Release|iPhoneSimulator
		{FF195FCF-0DF0-44E4-8166-AB5696C80AC4}.Release|x64.ActiveCfg = Release|iPhone
		{FF195FCF-0DF0-44E4-8166-AB5696C80AC4}.Release|x86.ActiveCfg = Release|iPhone
		{995E0969-B66B-42DC-8DBA-C791F05095A7}.Ad-Hoc|Any CPU.ActiveCfg = Release|x86
		{995E0969-B66B-42DC-8DBA-C791F05095A7}.Ad-Hoc|Any CPU.Build.0 = Release|x86
		{995E0969-B66B-42DC-8DBA-C791F05095A7}.Ad-Hoc|Any CPU.Deploy.0 = Release|x86
		{995E0969-B66B-42DC-8DBA-C791F05095A7}.Ad-Hoc|ARM.ActiveCfg = Release|ARM
		{995E0969-B66B-42DC-8DBA-C791F05095A7}.Ad-Hoc|ARM.Build.0 = Release|ARM
		{995E0969-B66B-42DC-8DBA-C791F05095A7}.Ad-Hoc|ARM.Deploy.0 = Release|ARM
		{995E0969-B66B-42DC-8DBA-C791F05095A7}.Ad-Hoc|iPhone.ActiveCfg = Release|x86
		{995E0969-B66B-42DC-8DBA-C791F05095A7}.Ad-Hoc|iPhone.Build.0 = Release|x86
		{995E0969-B66B-42DC-8DBA-C791F05095A7}.Ad-Hoc|iPhone.Deploy.0 = Release|x86
		{995E0969-B66B-42DC-8DBA-C791F05095A7}.Ad-Hoc|iPhoneSimulator.ActiveCfg = Release|x86
		{995E0969-B66B-42DC-8DBA-C791F05095A7}.Ad-Hoc|iPhoneSimulator.Build.0 = Release|x86
		{995E0969-B66B-42DC-8DBA-C791F05095A7}.Ad-Hoc|iPhoneSimulator.Deploy.0 = Release|x86
		{995E0969-B66B-42DC-8DBA-C791F05095A7}.Ad-Hoc|x64.ActiveCfg = Release|x64
		{995E0969-B66B-42DC-8DBA-C791F05095A7}.Ad-Hoc|x64.Build.0 = Release|x64
		{995E0969-B66B-42DC-8DBA-C791F05095A7}.Ad-Hoc|x64.Deploy.0 = Release|x64
		{995E0969-B66B-42DC-8DBA-C791F05095A7}.Ad-Hoc|x86.ActiveCfg = Release|x86
		{995E0969-B66B-42DC-8DBA-C791F05095A7}.Ad-Hoc|x86.Build.0 = Release|x86
		{995E0969-B66B-42DC-8DBA-C791F05095A7}.Ad-Hoc|x86.Deploy.0 = Release|x86
		{995E0969-B66B-42DC-8DBA-C791F05095A7}.AppStore|Any CPU.ActiveCfg = Release|x86
		{995E0969-B66B-42DC-8DBA-C791F05095A7}.AppStore|Any CPU.Build.0 = Release|x86
		{995E0969-B66B-42DC-8DBA-C791F05095A7}.AppStore|Any CPU.Deploy.0 = Release|x86
		{995E0969-B66B-42DC-8DBA-C791F05095A7}.AppStore|ARM.ActiveCfg = Release|ARM
		{995E0969-B66B-42DC-8DBA-C791F05095A7}.AppStore|ARM.Build.0 = Release|ARM
		{995E0969-B66B-42DC-8DBA-C791F05095A7}.AppStore|ARM.Deploy.0 = Release|ARM
		{995E0969-B66B-42DC-8DBA-C791F05095A7}.AppStore|iPhone.ActiveCfg = Release|x86
		{995E0969-B66B-42DC-8DBA-C791F05095A7}.AppStore|iPhone.Build.0 = Release|x86
		{995E0969-B66B-42DC-8DBA-C791F05095A7}.AppStore|iPhone.Deploy.0 = Release|x86
		{995E0969-B66B-42DC-8DBA-C791F05095A7}.AppStore|iPhoneSimulator.ActiveCfg = Release|x86
		{995E0969-B66B-42DC-8DBA-C791F05095A7}.AppStore|iPhoneSimulator.Build.0 = Release|x86
		{995E0969-B66B-42DC-8DBA-C791F05095A7}.AppStore|iPhoneSimulator.Deploy.0 = Release|x86
		{995E0969-B66B-42DC-8DBA-C791F05095A7}.AppStore|x64.ActiveCfg = Release|x64
		{995E0969-B66B-42DC-8DBA-C791F05095A7}.AppStore|x64.Build.0 = Release|x64
		{995E0969-B66B-42DC-8DBA-C791F05095A7}.AppStore|x64.Deploy.0 = Release|x64
		{995E0969-B66B-42DC-8DBA-C791F05095A7}.AppStore|x86.ActiveCfg = Release|x86
		{995E0969-B66B-42DC-8DBA-C791F05095A7}.AppStore|x86.Build.0 = Release|x86
		{995E0969-B66B-42DC-8DBA-C791F05095A7}.AppStore|x86.Deploy.0 = Release|x86
		{995E0969-B66B-42DC-8DBA-C791F05095A7}.Debug|Any CPU.ActiveCfg = Debug|x86
		{995E0969-B66B-42DC-8DBA-C791F05095A7}.Debug|Any CPU.Build.0 = Debug|x86
		{995E0969-B66B-42DC-8DBA-C791F05095A7}.Debug|Any CPU.Deploy.0 = Debug|x86
		{995E0969-B66B-42DC-8DBA-C791F05095A7}.Debug|ARM.ActiveCfg = Debug|ARM
		{995E0969-B66B-42DC-8DBA-C791F05095A7}.Debug|ARM.Build.0 = Debug|ARM
		{995E0969-B66B-42DC-8DBA-C791F05095A7}.Debug|ARM.Deploy.0 = Debug|ARM
		{995E0969-B66B-42DC-8DBA-C791F05095A7}.Debug|iPhone.ActiveCfg = Debug|x86
		{995E0969-B66B-42DC-8DBA-C791F05095A7}.Debug|iPhoneSimulator.ActiveCfg = Debug|x86
		{995E0969-B66B-42DC-8DBA-C791F05095A7}.Debug|x64.ActiveCfg = Debug|x64
		{995E0969-B66B-42DC-8DBA-C791F05095A7}.Debug|x64.Build.0 = Debug|x64
		{995E0969-B66B-42DC-8DBA-C791F05095A7}.Debug|x64.Deploy.0 = Debug|x64
		{995E0969-B66B-42DC-8DBA-C791F05095A7}.Debug|x86.ActiveCfg = Debug|x86
		{995E0969-B66B-42DC-8DBA-C791F05095A7}.Debug|x86.Build.0 = Debug|x86
		{995E0969-B66B-42DC-8DBA-C791F05095A7}.Debug|x86.Deploy.0 = Debug|x86
		{995E0969-B66B-42DC-8DBA-C791F05095A7}.Release|Any CPU.ActiveCfg = Release|x86
		{995E0969-B66B-42DC-8DBA-C791F05095A7}.Release|ARM.ActiveCfg = Release|ARM
		{995E0969-B66B-42DC-8DBA-C791F05095A7}.Release|ARM.Build.0 = Release|ARM
		{995E0969-B66B-42DC-8DBA-C791F05095A7}.Release|ARM.Deploy.0 = Release|ARM
		{995E0969-B66B-42DC-8DBA-C791F05095A7}.Release|iPhone.ActiveCfg = Release|x86
		{995E0969-B66B-42DC-8DBA-C791F05095A7}.Release|iPhoneSimulator.ActiveCfg = Release|x86
		{995E0969-B66B-42DC-8DBA-C791F05095A7}.Release|x64.ActiveCfg = Release|x64
		{995E0969-B66B-42DC-8DBA-C791F05095A7}.Release|x64.Build.0 = Release|x64
		{995E0969-B66B-42DC-8DBA-C791F05095A7}.Release|x64.Deploy.0 = Release|x64
		{995E0969-B66B-42DC-8DBA-C791F05095A7}.Release|x86.ActiveCfg = Release|x86
		{995E0969-B66B-42DC-8DBA-C791F05095A7}.Release|x86.Build.0 = Release|x86
		{995E0969-B66B-42DC-8DBA-C791F05095A7}.Release|x86.Deploy.0 = Release|x86
	EndGlobalSection
	GlobalSection(SolutionProperties) = preSolution
		HideSolutionNode = FALSE
	EndGlobalSection
EndGlobal
